
Microsoft Visual Studio Solution File, Format Version 12.00
# Visual Studio 15
VisualStudioVersion = 15.0.27703.2026
MinimumVisualStudioVersion = 10.0.40219.1
Project("{FAE04EC0-301F-11D3-BF4B-00C04F79EFBC}") = "ToDoApi", "ToDoApi\ToDoApi.csproj", "{D1B5DDA4-0F54-48FA-A678-476E0CC305CC}"
EndProject
Global
	GlobalSection(SolutionConfigurationPlatforms) = preSolution
		Debug|Any CPU = Debug|Any CPU
		Release|Any CPU = Release|Any CPU
	EndGlobalSection
	GlobalSection(ProjectConfigurationPlatforms) = postSolution
		{D1B5DDA4-0F54-48FA-A678-476E0CC305CC}.Debug|Any CPU.ActiveCfg = Debug|Any CPU
		{D1B5DDA4-0F54-48FA-A678-476E0CC305CC}.Debug|Any CPU.Build.0 = Debug|Any CPU
		{D1B5DDA4-0F54-48FA-A678-476E0CC305CC}.Release|Any CPU.ActiveCfg = Release|Any CPU
		{D1B5DDA4-0F54-48FA-A678-476E0CC305CC}.Release|Any CPU.Build.0 = Release|Any CPU
	EndGlobalSection
	GlobalSection(SolutionProperties) = preSolution
		HideSolutionNode = FALSE
	EndGlobalSection
	GlobalSection(ExtensibilityGlobals) = postSolution
		SolutionGuid = {7833E9D9-DB20-4402-9B15-0F7097F50896}
	EndGlobalSection
EndGlobal
